<?xml version="1.0" encoding="utf-8"?>
<Project ToolsVersion="4.0" xmlns="http://schemas.microsoft.com/developer/msbuild/2003">
  <ItemGroup>
    <Filter Include="Source Files">
      <UniqueIdentifier>{4FC737F1-C7A5-4376-A066-2A32D752A2FF}</UniqueIdentifier>
      <Extensions>cpp;c;cc;cxx;c++;cppm;ixx;def;odl;idl;hpj;bat;asm;asmx</Extensions>
    </Filter>
    <Filter Include="Header Files">
      <UniqueIdentifier>{93995380-89BD-4b04-88EB-625FBE52EBFB}</UniqueIdentifier>
      <Extensions>h;hh;hpp;hxx;h++;hm;inl;inc;ipp;xsd</Extensions>
    </Filter>
    <Filter Include="Resource Files">
      <UniqueIdentifier>{67DA6AB6-F800-4c08-8B7A-83BB121AAD01}</UniqueIdentifier>
      <Extensions>rc;ico;cur;bmp;dlg;rc2;rct;bin;rgs;gif;jpg;jpeg;jpe;resx;tiff;tif;png;wav;mfcribbon-ms</Extensions>
    </Filter>
    <Filter Include="Docs">
      <UniqueIdentifier>{179cd200-a429-4e34-9115-327e85400ac1}</UniqueIdentifier>
      <Extensions>txt;</Extensions>
    </Filter>
    <Filter Include="My_Tests">
      <UniqueIdentifier>{c6664f2d-a544-4395-8402-08a101ad5568}</UniqueIdentifier>
    </Filter>
    <Filter Include="My_Tests\Header">
      <UniqueIdentifier>{830df280-26b6-4347-986a-c7ed85d562a7}</UniqueIdentifier>
      <Extensions>h;hpp;</Extensions>
    </Filter>
    <Filter Include="My_Tests\Source">
      <UniqueIdentifier>{86f9bf13-1043-4c26-a0bf-43c06f939b7b}</UniqueIdentifier>
      <Extensions>cpp;</Extensions>
    </Filter>
    <Filter Include="External">
      <UniqueIdentifier>{337f9071-6934-45fe-98ad-006b4a040211}</UniqueIdentifier>
    </Filter>
    <Filter Include="External\FileStreamWrapper">
      <UniqueIdentifier>{94293697-3ada-41bf-8826-083a9007d784}</UniqueIdentifier>
    </Filter>
  </ItemGroup>
  <ItemGroup>
    <ClCompile Include="src\main.cpp">
      <Filter>Source Files</Filter>
    </ClCompile>
    <ClCompile Include="src\TestResultsAnalitics.cpp">
      <Filter>Source Files</Filter>
    </ClCompile>
    <ClCompile Include="src\TesterSpeed.cpp">
      <Filter>Source Files</Filter>
    </ClCompile>
    <ClCompile Include="src\TestSpeed.cpp">
      <Filter>Source Files</Filter>
    </ClCompile>
    <ClCompile Include="external\FileStreamWrapper\src\ErrorsHandlerFileOperations.cpp">
      <Filter>External\FileStreamWrapper</Filter>
    </ClCompile>
    <ClCompile Include="external\FileStreamWrapper\src\ReadSerializedDataFile.cpp">
      <Filter>External\FileStreamWrapper</Filter>
    </ClCompile>
    <ClCompile Include="external\FileStreamWrapper\src\ReadSerializedDataFileThread.cpp">
      <Filter>External\FileStreamWrapper</Filter>
    </ClCompile>
    <ClCompile Include="external\FileStreamWrapper\src\WriteSerializedDataFile.cpp">
      <Filter>External\FileStreamWrapper</Filter>
    </ClCompile>
    <ClCompile Include="external\FileStreamWrapper\src\WriteSerializedDataFileThread.cpp">
      <Filter>External\FileStreamWrapper</Filter>
    </ClCompile>
  </ItemGroup>
  <ItemGroup>
    <ClInclude Include="include\TesterSpeed.h">
      <Filter>Header Files</Filter>
    </ClInclude>
    <ClInclude Include="include\TestSpeed.h">
      <Filter>Header Files</Filter>
    </ClInclude>
    <ClInclude Include="include\TestResultsAnalitics.h">
      <Filter>Header Files</Filter>
    </ClInclude>
    <ClInclude Include="include\WriteLineConsole.h">
      <Filter>Header Files</Filter>
    </ClInclude>
    <ClInclude Include="external\FileStreamWrapper\include\BOM.h">
      <Filter>External\FileStreamWrapper</Filter>
    </ClInclude>
    <ClInclude Include="external\FileStreamWrapper\include\ErrorsHandlerFileOperations.h">
      <Filter>External\FileStreamWrapper</Filter>
    </ClInclude>
    <ClInclude Include="external\FileStreamWrapper\include\FileConstants.h">
      <Filter>External\FileStreamWrapper</Filter>
    </ClInclude>
    <ClInclude Include="external\FileStreamWrapper\include\FileService.h">
      <Filter>External\FileStreamWrapper</Filter>
    </ClInclude>
    <ClInclude Include="external\FileStreamWrapper\include\ReadObjectInVecByte.h">
      <Filter>External\FileStreamWrapper</Filter>
    </ClInclude>
    <ClInclude Include="external\FileStreamWrapper\include\ReadSerializedDataFile.h">
      <Filter>External\FileStreamWrapper</Filter>
    </ClInclude>
    <ClInclude Include="external\FileStreamWrapper\include\ReadSerializedDataFileThread.h">
      <Filter>External\FileStreamWrapper</Filter>
    </ClInclude>
    <ClInclude Include="external\FileStreamWrapper\include\WriteSerializedDataFile.h">
      <Filter>External\FileStreamWrapper</Filter>
    </ClInclude>
    <ClInclude Include="external\FileStreamWrapper\include\WriteSerializedDataFileThread.h">
      <Filter>External\FileStreamWrapper</Filter>
    </ClInclude>
    <ClInclude Include="my_tests\include\MatrixMult.h">
      <Filter>My_Tests\Header</Filter>
    </ClInclude>
    <ClInclude Include="my_tests\include\MatrixParallel.h">
      <Filter>My_Tests\Header</Filter>
    </ClInclude>
    <ClInclude Include="my_tests\include\OmpVsSTL.h">
      <Filter>My_Tests\Header</Filter>
    </ClInclude>
    <ClInclude Include="my_tests\include\SummationFotNeuralNetworks.h">
      <Filter>My_Tests\Header</Filter>
    </ClInclude>
    <ClInclude Include="my_tests\include\Sample.h">
      <Filter>My_Tests\Header</Filter>
    </ClInclude>
    <ClInclude Include="my_tests\include\StructVsLocal.h">
      <Filter>My_Tests\Header</Filter>
    </ClInclude>
    <ClInclude Include="my_tests\include\MLP.h">
      <Filter>My_Tests\Header</Filter>
    </ClInclude>
    <ClInclude Include="my_tests\include\MeanSquare.h">
      <Filter>My_Tests\Header</Filter>
    </ClInclude>
    <ClInclude Include="my_tests\include\VecOps.h">
      <Filter>My_Tests\Header</Filter>
    </ClInclude>
    <ClInclude Include="my_tests\include\Switch.h">
      <Filter>My_Tests\Header</Filter>
    </ClInclude>
    <ClInclude Include="my_tests\include\AccumulateVsSum.h">
      <Filter>My_Tests\Header</Filter>
    </ClInclude>
    <ClInclude Include="my_tests\include\VariablesOutsideForLoop.h">
      <Filter>My_Tests\Header</Filter>
    </ClInclude>
  </ItemGroup>
  <ItemGroup>
    <Text Include="doc\CopyPastHelper.txt">
      <Filter>Docs</Filter>
    </Text>
    <Text Include="doc\TODO.txt">
      <Filter>Docs</Filter>
    </Text>
    <Text Include="my_tests\include\Old.txt">
      <Filter>My_Tests\Header</Filter>
    </Text>
  </ItemGroup>
</Project>